// !$*UTF8*$!
{
	archiveVersion = 1;
	classes = {
	};
	objectVersion = 56;
	objects = {

/* Begin PBXBuildFile section */
		1416BAF22C23613D00E3E705 /* App.swift in Sources */ = {isa = PBXBuildFile; fileRef = 1416BAF12C23613C00E3E705 /* App.swift */; };
		1416BAF42C2380CC00E3E705 /* TranslationContext.swift in Sources */ = {isa = PBXBuildFile; fileRef = 1416BAF32C2380C700E3E705 /* TranslationContext.swift */; };
		142C3AD82C2341A200A7D487 /* SettingsView.swift in Sources */ = {isa = PBXBuildFile; fileRef = 142C3AD72C23419F00A7D487 /* SettingsView.swift */; };
		14C3D6592C1D86B000A24281 /* AppDelegate.swift in Sources */ = {isa = PBXBuildFile; fileRef = 14C3D6582C1D86B000A24281 /* AppDelegate.swift */; };
		14C3D65D2C1D86B200A24281 /* Assets.xcassets in Resources */ = {isa = PBXBuildFile; fileRef = 14C3D65C2C1D86B200A24281 /* Assets.xcassets */; };
		14C3D6602C1D86B200A24281 /* Base in Resources */ = {isa = PBXBuildFile; fileRef = 14C3D65F2C1D86B200A24281 /* Base */; };
		14C3D66B2C1D872600A24281 /* OverlayWindow.swift in Sources */ = {isa = PBXBuildFile; fileRef = 14C3D6672C1D872600A24281 /* OverlayWindow.swift */; };
		14C3D66C2C1D872600A24281 /* AXUIElement.swift in Sources */ = {isa = PBXBuildFile; fileRef = 14C3D6682C1D872600A24281 /* AXUIElement.swift */; };
		14C3D66D2C1D872600A24281 /* Debounce.swift in Sources */ = {isa = PBXBuildFile; fileRef = 14C3D6692C1D872600A24281 /* Debounce.swift */; };
		14C3D66E2C1D872600A24281 /* Translation.swift in Sources */ = {isa = PBXBuildFile; fileRef = 14C3D66A2C1D872600A24281 /* Translation.swift */; };
		14C3D6702C1DEFAA00A24281 /* Localizable.xcstrings in Resources */ = {isa = PBXBuildFile; fileRef = 14C3D66F2C1DEFAA00A24281 /* Localizable.xcstrings */; };
/* End PBXBuildFile section */

/* Begin PBXFileReference section */
		1416BAF12C23613C00E3E705 /* App.swift */ = {isa = PBXFileReference; lastKnownFileType = sourcecode.swift; path = App.swift; sourceTree = "<group>"; };
		1416BAF32C2380C700E3E705 /* TranslationContext.swift */ = {isa = PBXFileReference; lastKnownFileType = sourcecode.swift; path = TranslationContext.swift; sourceTree = "<group>"; };
		142C3AD72C23419F00A7D487 /* SettingsView.swift */ = {isa = PBXFileReference; lastKnownFileType = sourcecode.swift; path = SettingsView.swift; sourceTree = "<group>"; };
		14C3D6552C1D86B000A24281 /* Text Chat Translator.app */ = {isa = PBXFileReference; explicitFileType = wrapper.application; includeInIndex = 0; path = "Text Chat Translator.app"; sourceTree = BUILT_PRODUCTS_DIR; };
		14C3D6582C1D86B000A24281 /* AppDelegate.swift */ = {isa = PBXFileReference; lastKnownFileType = sourcecode.swift; path = AppDelegate.swift; sourceTree = "<group>"; };
		14C3D65C2C1D86B200A24281 /* Assets.xcassets */ = {isa = PBXFileReference; lastKnownFileType = folder.assetcatalog; path = Assets.xcassets; sourceTree = "<group>"; };
		14C3D65F2C1D86B200A24281 /* Base */ = {isa = PBXFileReference; lastKnownFileType = file.storyboard; name = Base; path = Base.lproj/Main.storyboard; sourceTree = "<group>"; };
		14C3D6612C1D86B200A24281 /* TextChatTranslator.entitlements */ = {isa = PBXFileReference; lastKnownFileType = text.plist.entitlements; path = TextChatTranslator.entitlements; sourceTree = "<group>"; };
		14C3D6672C1D872600A24281 /* OverlayWindow.swift */ = {isa = PBXFileReference; fileEncoding = 4; lastKnownFileType = sourcecode.swift; path = OverlayWindow.swift; sourceTree = "<group>"; };
		14C3D6682C1D872600A24281 /* AXUIElement.swift */ = {isa = PBXFileReference; fileEncoding = 4; lastKnownFileType = sourcecode.swift; path = AXUIElement.swift; sourceTree = "<group>"; };
		14C3D6692C1D872600A24281 /* Debounce.swift */ = {isa = PBXFileReference; fileEncoding = 4; lastKnownFileType = sourcecode.swift; path = Debounce.swift; sourceTree = "<group>"; };
		14C3D66A2C1D872600A24281 /* Translation.swift */ = {isa = PBXFileReference; fileEncoding = 4; lastKnownFileType = sourcecode.swift; path = Translation.swift; sourceTree = "<group>"; };
		14C3D66F2C1DEFAA00A24281 /* Localizable.xcstrings */ = {isa = PBXFileReference; lastKnownFileType = text.json.xcstrings; path = Localizable.xcstrings; sourceTree = "<group>"; };
/* End PBXFileReference section */

/* Begin PBXFrameworksBuildPhase section */
		14C3D6522C1D86B000A24281 /* Frameworks */ = {
			isa = PBXFrameworksBuildPhase;
			buildActionMask = 2147483647;
			files = (
			);
			runOnlyForDeploymentPostprocessing = 0;
		};
/* End PBXFrameworksBuildPhase section */

/* Begin PBXGroup section */
		14C3D64C2C1D86B000A24281 = {
			isa = PBXGroup;
			children = (
				14C3D6572C1D86B000A24281 /* TextChatTranslator */,
				14C3D6562C1D86B000A24281 /* Products */,
			);
			sourceTree = "<group>";
		};
		14C3D6562C1D86B000A24281 /* Products */ = {
			isa = PBXGroup;
			children = (
				14C3D6552C1D86B000A24281 /* Text Chat Translator.app */,
			);
			name = Products;
			sourceTree = "<group>";
		};
		14C3D6572C1D86B000A24281 /* TextChatTranslator */ = {
			isa = PBXGroup;
			children = (
				14C3D6582C1D86B000A24281 /* AppDelegate.swift */,
				1416BAF12C23613C00E3E705 /* App.swift */,
				142C3AD72C23419F00A7D487 /* SettingsView.swift */,
				1416BAF32C2380C700E3E705 /* TranslationContext.swift */,
				14C3D6672C1D872600A24281 /* OverlayWindow.swift */,
				14C3D66A2C1D872600A24281 /* Translation.swift */,
				14C3D6682C1D872600A24281 /* AXUIElement.swift */,
				14C3D6692C1D872600A24281 /* Debounce.swift */,
				14C3D65C2C1D86B200A24281 /* Assets.xcassets */,
				14C3D65E2C1D86B200A24281 /* Main.storyboard */,
				14C3D6612C1D86B200A24281 /* TextChatTranslator.entitlements */,
				14C3D66F2C1DEFAA00A24281 /* Localizable.xcstrings */,
			);
			path = TextChatTranslator;
			sourceTree = "<group>";
		};
/* End PBXGroup section */

/* Begin PBXNativeTarget section */
		14C3D6542C1D86B000A24281 /* TextChatTranslator */ = {
			isa = PBXNativeTarget;
			buildConfigurationList = 14C3D6642C1D86B200A24281 /* Build configuration list for PBXNativeTarget "TextChatTranslator" */;
			buildPhases = (
				14C3D6512C1D86B000A24281 /* Sources */,
				14C3D6522C1D86B000A24281 /* Frameworks */,
				14C3D6532C1D86B000A24281 /* Resources */,
			);
			buildRules = (
			);
			dependencies = (
			);
			name = TextChatTranslator;
			productName = TextChatTranslator;
			productReference = 14C3D6552C1D86B000A24281 /* Text Chat Translator.app */;
			productType = "com.apple.product-type.application";
		};
/* End PBXNativeTarget section */

/* Begin PBXProject section */
		14C3D64D2C1D86B000A24281 /* Project object */ = {
			isa = PBXProject;
			attributes = {
				BuildIndependentTargetsInParallel = 1;
				LastSwiftUpdateCheck = 1530;
				LastUpgradeCheck = 1600;
				TargetAttributes = {
					14C3D6542C1D86B000A24281 = {
						CreatedOnToolsVersion = 15.3;
					};
				};
			};
			buildConfigurationList = 14C3D6502C1D86B000A24281 /* Build configuration list for PBXProject "TextChatTranslator" */;
			compatibilityVersion = "Xcode 14.0";
			developmentRegion = en;
			hasScannedForEncodings = 0;
			knownRegions = (
				en,
				Base,
				ja,
			);
			mainGroup = 14C3D64C2C1D86B000A24281;
			productRefGroup = 14C3D6562C1D86B000A24281 /* Products */;
			projectDirPath = "";
			projectRoot = "";
			targets = (
				14C3D6542C1D86B000A24281 /* TextChatTranslator */,
			);
		};
/* End PBXProject section */

/* Begin PBXResourcesBuildPhase section */
		14C3D6532C1D86B000A24281 /* Resources */ = {
			isa = PBXResourcesBuildPhase;
			buildActionMask = 2147483647;
			files = (
				14C3D65D2C1D86B200A24281 /* Assets.xcassets in Resources */,
				14C3D6602C1D86B200A24281 /* Base in Resources */,
				14C3D6702C1DEFAA00A24281 /* Localizable.xcstrings in Resources */,
			);
			runOnlyForDeploymentPostprocessing = 0;
		};
/* End PBXResourcesBuildPhase section */

/* Begin PBXSourcesBuildPhase section */
		14C3D6512C1D86B000A24281 /* Sources */ = {
			isa = PBXSourcesBuildPhase;
			buildActionMask = 2147483647;
			files = (
				142C3AD82C2341A200A7D487 /* SettingsView.swift in Sources */,
				14C3D66C2C1D872600A24281 /* AXUIElement.swift in Sources */,
				14C3D66B2C1D872600A24281 /* OverlayWindow.swift in Sources */,
				14C3D66D2C1D872600A24281 /* Debounce.swift in Sources */,
				14C3D6592C1D86B000A24281 /* AppDelegate.swift in Sources */,
				1416BAF22C23613D00E3E705 /* App.swift in Sources */,
				14C3D66E2C1D872600A24281 /* Translation.swift in Sources */,
				1416BAF42C2380CC00E3E705 /* TranslationContext.swift in Sources */,
			);
			runOnlyForDeploymentPostprocessing = 0;
		};
/* End PBXSourcesBuildPhase section */

/* Begin PBXVariantGroup section */
		14C3D65E2C1D86B200A24281 /* Main.storyboard */ = {
			isa = PBXVariantGroup;
			children = (
				14C3D65F2C1D86B200A24281 /* Base */,
			);
			name = Main.storyboard;
			sourceTree = "<group>";
		};
/* End PBXVariantGroup section */

/* Begin XCBuildConfiguration section */
		14C3D6622C1D86B200A24281 /* Debug */ = {
			isa = XCBuildConfiguration;
			buildSettings = {
				ALWAYS_SEARCH_USER_PATHS = NO;
				ASSETCATALOG_COMPILER_GENERATE_SWIFT_ASSET_SYMBOL_EXTENSIONS = YES;
				CLANG_ANALYZER_LOCALIZABILITY_NONLOCALIZED = YES;
				CLANG_ANALYZER_NONNULL = YES;
				CLANG_ANALYZER_NUMBER_OBJECT_CONVERSION = YES_AGGRESSIVE;
				CLANG_CXX_LANGUAGE_STANDARD = "gnu++20";
				CLANG_ENABLE_MODULES = YES;
				CLANG_ENABLE_OBJC_ARC = YES;
				CLANG_ENABLE_OBJC_WEAK = YES;
				CLANG_WARN_BLOCK_CAPTURE_AUTORELEASING = YES;
				CLANG_WARN_BOOL_CONVERSION = YES;
				CLANG_WARN_COMMA = YES;
				CLANG_WARN_CONSTANT_CONVERSION = YES;
				CLANG_WARN_DEPRECATED_OBJC_IMPLEMENTATIONS = YES;
				CLANG_WARN_DIRECT_OBJC_ISA_USAGE = YES_ERROR;
				CLANG_WARN_DOCUMENTATION_COMMENTS = YES;
				CLANG_WARN_EMPTY_BODY = YES;
				CLANG_WARN_ENUM_CONVERSION = YES;
				CLANG_WARN_INFINITE_RECURSION = YES;
				CLANG_WARN_INT_CONVERSION = YES;
				CLANG_WARN_NON_LITERAL_NULL_CONVERSION = YES;
				CLANG_WARN_OBJC_IMPLICIT_RETAIN_SELF = YES;
				CLANG_WARN_OBJC_LITERAL_CONVERSION = YES;
				CLANG_WARN_OBJC_ROOT_CLASS = YES_ERROR;
				CLANG_WARN_QUOTED_INCLUDE_IN_FRAMEWORK_HEADER = YES;
				CLANG_WARN_RANGE_LOOP_ANALYSIS = YES;
				CLANG_WARN_STRICT_PROTOTYPES = YES;
				CLANG_WARN_SUSPICIOUS_MOVE = YES;
				CLANG_WARN_UNGUARDED_AVAILABILITY = YES_AGGRESSIVE;
				CLANG_WARN_UNREACHABLE_CODE = YES;
				CLANG_WARN__DUPLICATE_METHOD_MATCH = YES;
				COPY_PHASE_STRIP = NO;
				DEAD_CODE_STRIPPING = YES;
				DEBUG_INFORMATION_FORMAT = dwarf;
				ENABLE_STRICT_OBJC_MSGSEND = YES;
				ENABLE_TESTABILITY = YES;
				ENABLE_USER_SCRIPT_SANDBOXING = YES;
				GCC_C_LANGUAGE_STANDARD = gnu17;
				GCC_DYNAMIC_NO_PIC = NO;
				GCC_NO_COMMON_BLOCKS = YES;
				GCC_OPTIMIZATION_LEVEL = 0;
				GCC_PREPROCESSOR_DEFINITIONS = (
					"DEBUG=1",
					"$(inherited)",
				);
				GCC_WARN_64_TO_32_BIT_CONVERSION = YES;
				GCC_WARN_ABOUT_RETURN_TYPE = YES_ERROR;
				GCC_WARN_UNDECLARED_SELECTOR = YES;
				GCC_WARN_UNINITIALIZED_AUTOS = YES_AGGRESSIVE;
				GCC_WARN_UNUSED_FUNCTION = YES;
				GCC_WARN_UNUSED_VARIABLE = YES;
				LOCALIZATION_PREFERS_STRING_CATALOGS = YES;
				MACOSX_DEPLOYMENT_TARGET = 14.4;
				MTL_ENABLE_DEBUG_INFO = INCLUDE_SOURCE;
				MTL_FAST_MATH = YES;
				ONLY_ACTIVE_ARCH = YES;
				SDKROOT = macosx;
				SWIFT_ACTIVE_COMPILATION_CONDITIONS = "DEBUG $(inherited)";
				SWIFT_OPTIMIZATION_LEVEL = "-Onone";
			};
			name = Debug;
		};
		14C3D6632C1D86B200A24281 /* Release */ = {
			isa = XCBuildConfiguration;
			buildSettings = {
				ALWAYS_SEARCH_USER_PATHS = NO;
				ASSETCATALOG_COMPILER_GENERATE_SWIFT_ASSET_SYMBOL_EXTENSIONS = YES;
				CLANG_ANALYZER_LOCALIZABILITY_NONLOCALIZED = YES;
				CLANG_ANALYZER_NONNULL = YES;
				CLANG_ANALYZER_NUMBER_OBJECT_CONVERSION = YES_AGGRESSIVE;
				CLANG_CXX_LANGUAGE_STANDARD = "gnu++20";
				CLANG_ENABLE_MODULES = YES;
				CLANG_ENABLE_OBJC_ARC = YES;
				CLANG_ENABLE_OBJC_WEAK = YES;
				CLANG_WARN_BLOCK_CAPTURE_AUTORELEASING = YES;
				CLANG_WARN_BOOL_CONVERSION = YES;
				CLANG_WARN_COMMA = YES;
				CLANG_WARN_CONSTANT_CONVERSION = YES;
				CLANG_WARN_DEPRECATED_OBJC_IMPLEMENTATIONS = YES;
				CLANG_WARN_DIRECT_OBJC_ISA_USAGE = YES_ERROR;
				CLANG_WARN_DOCUMENTATION_COMMENTS = YES;
				CLANG_WARN_EMPTY_BODY = YES;
				CLANG_WARN_ENUM_CONVERSION = YES;
				CLANG_WARN_INFINITE_RECURSION = YES;
				CLANG_WARN_INT_CONVERSION = YES;
				CLANG_WARN_NON_LITERAL_NULL_CONVERSION = YES;
				CLANG_WARN_OBJC_IMPLICIT_RETAIN_SELF = YES;
				CLANG_WARN_OBJC_LITERAL_CONVERSION = YES;
				CLANG_WARN_OBJC_ROOT_CLASS = YES_ERROR;
				CLANG_WARN_QUOTED_INCLUDE_IN_FRAMEWORK_HEADER = YES;
				CLANG_WARN_RANGE_LOOP_ANALYSIS = YES;
				CLANG_WARN_STRICT_PROTOTYPES = YES;
				CLANG_WARN_SUSPICIOUS_MOVE = YES;
				CLANG_WARN_UNGUARDED_AVAILABILITY = YES_AGGRESSIVE;
				CLANG_WARN_UNREACHABLE_CODE = YES;
				CLANG_WARN__DUPLICATE_METHOD_MATCH = YES;
				COPY_PHASE_STRIP = NO;
				DEAD_CODE_STRIPPING = YES;
				DEBUG_INFORMATION_FORMAT = "dwarf-with-dsym";
				ENABLE_NS_ASSERTIONS = NO;
				ENABLE_STRICT_OBJC_MSGSEND = YES;
				ENABLE_USER_SCRIPT_SANDBOXING = YES;
				GCC_C_LANGUAGE_STANDARD = gnu17;
				GCC_NO_COMMON_BLOCKS = YES;
				GCC_WARN_64_TO_32_BIT_CONVERSION = YES;
				GCC_WARN_ABOUT_RETURN_TYPE = YES_ERROR;
				GCC_WARN_UNDECLARED_SELECTOR = YES;
				GCC_WARN_UNINITIALIZED_AUTOS = YES_AGGRESSIVE;
				GCC_WARN_UNUSED_FUNCTION = YES;
				GCC_WARN_UNUSED_VARIABLE = YES;
				LOCALIZATION_PREFERS_STRING_CATALOGS = YES;
				MACOSX_DEPLOYMENT_TARGET = 14.4;
				MTL_ENABLE_DEBUG_INFO = NO;
				MTL_FAST_MATH = YES;
				SDKROOT = macosx;
				SWIFT_COMPILATION_MODE = wholemodule;
			};
			name = Release;
		};
		14C3D6652C1D86B200A24281 /* Debug */ = {
			isa = XCBuildConfiguration;
			buildSettings = {
				ASSETCATALOG_COMPILER_APPICON_NAME = AppIcon;
				ASSETCATALOG_COMPILER_GLOBAL_ACCENT_COLOR_NAME = AccentColor;
				CODE_SIGN_ENTITLEMENTS = TextChatTranslator/TextChatTranslator.entitlements;
				CODE_SIGN_STYLE = Automatic;
				COMBINE_HIDPI_IMAGES = YES;
				CURRENT_PROJECT_VERSION = 1;
				DEAD_CODE_STRIPPING = YES;
				DEVELOPMENT_TEAM = 27AEDK3C9F;
				ENABLE_HARDENED_RUNTIME = YES;
				GENERATE_INFOPLIST_FILE = YES;
				INFOPLIST_KEY_CFBundleDisplayName = "Text Chat Translator";
				INFOPLIST_KEY_LSApplicationCategoryType = "public.app-category.utilities";
				INFOPLIST_KEY_LSUIElement = YES;
				INFOPLIST_KEY_NSHumanReadableCopyright = "";
				INFOPLIST_KEY_NSMainStoryboardFile = Main;
				INFOPLIST_KEY_NSPrincipalClass = NSApplication;
				LD_RUNPATH_SEARCH_PATHS = (
					"$(inherited)",
					"@executable_path/../Frameworks",
				);
				MACOSX_DEPLOYMENT_TARGET = 15.0;
				MARKETING_VERSION = 0.0.1;
				PRODUCT_BUNDLE_IDENTIFIER = com.kishikawakatsumi.TextChatTranslator;
				PRODUCT_MODULE_NAME = TextChatTranslator;
				PRODUCT_NAME = "Text Chat Translator";
				SWIFT_EMIT_LOC_STRINGS = YES;
				SWIFT_VERSION = 5.0;
			};
			name = Debug;
		};
		14C3D6662C1D86B200A24281 /* Release */ = {
			isa = XCBuildConfiguration;
			buildSettings = {
				ASSETCATALOG_COMPILER_APPICON_NAME = AppIcon;
				ASSETCATALOG_COMPILER_GLOBAL_ACCENT_COLOR_NAME = AccentColor;
				CODE_SIGN_ENTITLEMENTS = TextChatTranslator/TextChatTranslator.entitlements;
				CODE_SIGN_STYLE = Automatic;
				COMBINE_HIDPI_IMAGES = YES;
				CURRENT_PROJECT_VERSION = 1;
				DEAD_CODE_STRIPPING = YES;
				DEVELOPMENT_TEAM = 27AEDK3C9F;
				ENABLE_HARDENED_RUNTIME = YES;
				GENERATE_INFOPLIST_FILE = YES;
				INFOPLIST_KEY_CFBundleDisplayName = "Text Chat Translator";
				INFOPLIST_KEY_LSApplicationCategoryType = "public.app-category.utilities";
				INFOPLIST_KEY_LSUIElement = YES;
				INFOPLIST_KEY_NSHumanReadableCopyright = "";
				INFOPLIST_KEY_NSMainStoryboardFile = Main;
				INFOPLIST_KEY_NSPrincipalClass = NSApplication;
				LD_RUNPATH_SEARCH_PATHS = (
					"$(inherited)",
					"@executable_path/../Frameworks",
				);
				MACOSX_DEPLOYMENT_TARGET = 15.0;
				MARKETING_VERSION = 0.0.1;
				PRODUCT_BUNDLE_IDENTIFIER = com.kishikawakatsumi.TextChatTranslator;
				PRODUCT_MODULE_NAME = TextChatTranslator;
				PRODUCT_NAME = "Text Chat Translator";
				SWIFT_EMIT_LOC_STRINGS = YES;
				SWIFT_VERSION = 5.0;
			};
			name = Release;
		};
/* End XCBuildConfiguration section */

/* Begin XCConfigurationList section */
		14C3D6502C1D86B000A24281 /* Build configuration list for PBXProject "TextChatTranslator" */ = {
			isa = XCConfigurationList;
			buildConfigurations = (
				14C3D6622C1D86B200A24281 /* Debug */,
				14C3D6632C1D86B200A24281 /* Release */,
			);
			defaultConfigurationIsVisible = 0;
			defaultConfigurationName = Release;
		};
		14C3D6642C1D86B200A24281 /* Build configuration list for PBXNativeTarget "TextChatTranslator" */ = {
			isa = XCConfigurationList;
			buildConfigurations = (
				14C3D6652C1D86B200A24281 /* Debug */,
				14C3D6662C1D86B200A24281 /* Release */,
			);
			defaultConfigurationIsVisible = 0;
			defaultConfigurationName = Release;
		};
/* End XCConfigurationList section */
	};
	rootObject = 14C3D64D2C1D86B000A24281 /* Project object */;
}
